
Microsoft Visual Studio Solution File, Format Version 12.00
# Visual Studio Version 17
VisualStudioVersion = 17.2.32602.215
MinimumVisualStudioVersion = 10.0.40219.1
Project("{FAE04EC0-301F-11D3-BF4B-00C04F79EFBC}") = "Core", "Core\Core.csproj", "{54491975-FA79-433D-9E22-08DED210276E}"
EndProject
Project("{FAE04EC0-301F-11D3-BF4B-00C04F79EFBC}") = "Infraestructura", "Infraestructura\Infraestructura.csproj", "{4AA73811-8FB4-455A-94C4-C37E0A4A46AE}"
EndProject
Project("{FAE04EC0-301F-11D3-BF4B-00C04F79EFBC}") = "API", "API\API.csproj", "{BAFE316D-22D5-4F5C-90DA-C51A83DCF3B4}"
EndProject
Global
	GlobalSection(SolutionConfigurationPlatforms) = preSolution
		Debug|Any CPU = Debug|Any CPU
		Release|Any CPU = Release|Any CPU
	EndGlobalSection
	GlobalSection(ProjectConfigurationPlatforms) = postSolution
		{54491975-FA79-433D-9E22-08DED210276E}.Debug|Any CPU.ActiveCfg = Debug|Any CPU
		{54491975-FA79-433D-9E22-08DED210276E}.Debug|Any CPU.Build.0 = Debug|Any CPU
		{54491975-FA79-433D-9E22-08DED210276E}.Release|Any CPU.ActiveCfg = Release|Any CPU
		{54491975-FA79-433D-9E22-08DED210276E}.Release|Any CPU.Build.0 = Release|Any CPU
		{4AA73811-8FB4-455A-94C4-C37E0A4A46AE}.Debug|Any CPU.ActiveCfg = Debug|Any CPU
		{4AA73811-8FB4-455A-94C4-C37E0A4A46AE}.Debug|Any CPU.Build.0 = Debug|Any CPU
		{4AA73811-8FB4-455A-94C4-C37E0A4A46AE}.Release|Any CPU.ActiveCfg = Release|Any CPU
		{4AA73811-8FB4-455A-94C4-C37E0A4A46AE}.Release|Any CPU.Build.0 = Release|Any CPU
		{BAFE316D-22D5-4F5C-90DA-C51A83DCF3B4}.Debug|Any CPU.ActiveCfg = Debug|Any CPU
		{BAFE316D-22D5-4F5C-90DA-C51A83DCF3B4}.Debug|Any CPU.Build.0 = Debug|Any CPU
		{BAFE316D-22D5-4F5C-90DA-C51A83DCF3B4}.Release|Any CPU.ActiveCfg = Release|Any CPU
		{BAFE316D-22D5-4F5C-90DA-C51A83DCF3B4}.Release|Any CPU.Build.0 = Release|Any CPU
	EndGlobalSection
	GlobalSection(SolutionProperties) = preSolution
		HideSolutionNode = FALSE
	EndGlobalSection
	GlobalSection(ExtensibilityGlobals) = postSolution
		SolutionGuid = {B6784969-9081-4720-922C-712DA91E7467}
	EndGlobalSection
EndGlobal
